{
  "originHash" : "73fce0c0d04923ff22042ca92b89a013d134b85550906399a70f4eca971e30be",
  "pins" : [
    {
      "identity" : "jsonpreview",
      "kind" : "remoteSourceControl",
      "location" : "https://github.com/RakuyoKit/JSONPreview.git",
      "state" : {
        "revision" : "259c8a56e4f3b4b1c92ad1e0493e53b0f79196fc",
        "version" : "2.3.3"
      }
    },
    {
      "identity" : "sqlite.swift",
      "kind" : "remoteSourceControl",
      "location" : "https://github.com/stephencelis/SQLite.swift",
      "state" : {
        "revision" : "392dd6058624d9f6c5b4c769d165ddd8c7293394",
        "version" : "0.15.4"
      }
    },
    {
      "identity" : "swift-toolchain-sqlite",
      "kind" : "remoteSourceControl",
      "location" : "https://github.com/swiftlang/swift-toolchain-sqlite",
      "state" : {
        "revision" : "b626d3002773b1a1304166643e7f118f724b2132",
        "version" : "1.0.4"
      }
    }
  ],
  "version" : 3
}
